{
  "name": "ourmonsters.github.io",
  "lockfileVersion": 2,
  "requires": true,
  "packages": {
    "": {
      "dependencies": {
        "scrollmagic": "^2.0.8",
        "scrollscene": "^0.0.24"
      }
    },
    "node_modules/@babel/runtime": {
      "version": "7.17.8",
      "resolved": "https://registry.npmjs.org/@babel/runtime/-/runtime-7.17.8.tgz",
      "integrity": "sha512-dQpEpK0O9o6lj6oPu0gRDbbnk+4LeHlNcBpspf6Olzt3GIX4P1lWF1gS+pHLDFlaJvbR6q7jCfQ08zA4QJBnmA==",
      "dependencies": {
        "regenerator-runtime": "^0.13.4"
      },
      "engines": {
        "node": ">=6.9.0"
      }
    },
    "node_modules/is-client": {
      "version": "0.0.2",
      "resolved": "https://registry.npmjs.org/is-client/-/is-client-0.0.2.tgz",
      "integrity": "sha1-cl9UksjP+lnQohSbS/6mLUN6BGI="
    },
    "node_modules/lodash.throttle": {
      "version": "4.1.1",
      "resolved": "https://registry.npmjs.org/lodash.throttle/-/lodash.throttle-4.1.1.tgz",
      "integrity": "sha1-wj6RtxAkKscMN/HhzaknTMOb8vQ="
    },
    "node_modules/regenerator-runtime": {
      "version": "0.13.9",
      "resolved": "https://registry.npmjs.org/regenerator-runtime/-/regenerator-runtime-0.13.9.tgz",
      "integrity": "sha512-p3VT+cOEgxFsRRA9X4lkI1E+k2/CtnKtU4gcxyaCUreilL/vqI6CdZ3wxVUx3UOUg+gnUOQQcRI7BmSI656MYA=="
    },
    "node_modules/scrollmagic": {
      "version": "2.0.8",
      "resolved": "https://registry.npmjs.org/scrollmagic/-/scrollmagic-2.0.8.tgz",
      "integrity": "sha512-UYXEGBPVLziovXl3FjHGkY9c4UXKUKopIdXwWR2JapWxCo0U345wYegi7rcsv5vHf/ktc1bSNWy4QRFiV+Yccw==",
      "engines": {
        "node": ">=0.10.x"
      }
    },
    "node_modules/scrollscene": {
      "version": "0.0.24",
      "resolved": "https://registry.npmjs.org/scrollscene/-/scrollscene-0.0.24.tgz",
      "integrity": "sha512-PpePQAeQ8pz9Yg8RI9BggpDfFNjchqgO43AsWUzCpZ2XuppnO/Rkt7dY6nzshS2kn8jz5Ushpzvl7Tw3tl8UIQ==",
      "dependencies": {
        "@babel/runtime": "^7.8.4",
        "is-client": "^0.0.2",
        "lodash.throttle": "^4.1.1"
      },
      "peerDependencies": {
        "scrollmagic": "^2.0.7"
      }
    }
  },
  "dependencies": {
    "@babel/runtime": {
      "version": "7.17.8",
      "resolved": "https://registry.npmjs.org/@babel/runtime/-/runtime-7.17.8.tgz",
      "integrity": "sha512-dQpEpK0O9o6lj6oPu0gRDbbnk+4LeHlNcBpspf6Olzt3GIX4P1lWF1gS+pHLDFlaJvbR6q7jCfQ08zA4QJBnmA==",
      "requires": {
        "regenerator-runtime": "^0.13.4"
      }
    },
    "is-client": {
      "version": "0.0.2",
      "resolved": "https://registry.npmjs.org/is-client/-/is-client-0.0.2.tgz",
      "integrity": "sha1-cl9UksjP+lnQohSbS/6mLUN6BGI="
    },
    "lodash.throttle": {
      "version": "4.1.1",
      "resolved": "https://registry.npmjs.org/lodash.throttle/-/lodash.throttle-4.1.1.tgz",
      "integrity": "sha1-wj6RtxAkKscMN/HhzaknTMOb8vQ="
    },
    "regenerator-runtime": {
      "version": "0.13.9",
      "resolved": "https://registry.npmjs.org/regenerator-runtime/-/regenerator-runtime-0.13.9.tgz",
      "integrity": "sha512-p3VT+cOEgxFsRRA9X4lkI1E+k2/CtnKtU4gcxyaCUreilL/vqI6CdZ3wxVUx3UOUg+gnUOQQcRI7BmSI656MYA=="
    },
    "scrollmagic": {
      "version": "2.0.8",
      "resolved": "https://registry.npmjs.org/scrollmagic/-/scrollmagic-2.0.8.tgz",
      "integrity": "sha512-UYXEGBPVLziovXl3FjHGkY9c4UXKUKopIdXwWR2JapWxCo0U345wYegi7rcsv5vHf/ktc1bSNWy4QRFiV+Yccw=="
    },
    "scrollscene": {
      "version": "0.0.24",
      "resolved": "https://registry.npmjs.org/scrollscene/-/scrollscene-0.0.24.tgz",
      "integrity": "sha512-PpePQAeQ8pz9Yg8RI9BggpDfFNjchqgO43AsWUzCpZ2XuppnO/Rkt7dY6nzshS2kn8jz5Ushpzvl7Tw3tl8UIQ==",
      "requires": {
        "@babel/runtime": "^7.8.4",
        "is-client": "^0.0.2",
        "lodash.throttle": "^4.1.1"
      }
    }
  }
}
